<?xml version="1.0" encoding="utf-8"?>
<Project ToolsVersion="4.0" xmlns="http://schemas.microsoft.com/developer/msbuild/2003">
  <ItemGroup>
    <Filter Include="byteCat">
      <UniqueIdentifier>{11BA369E-7D99-B539-86B1-4010F20F1C9B}</UniqueIdentifier>
    </Filter>
    <Filter Include="byteCat\app">
      <UniqueIdentifier>{E1CB52F0-4D81-CBE5-D675-C5BC422AC2E9}</UniqueIdentifier>
    </Filter>
    <Filter Include="byteCat\input">
      <UniqueIdentifier>{F002C550-5CC3-4087-25FE-8904917D8563}</UniqueIdentifier>
    </Filter>
    <Filter Include="byteCat\input\events">
      <UniqueIdentifier>{F414A138-E0A3-2A02-89C2-3EFD75303BA8}</UniqueIdentifier>
    </Filter>
    <Filter Include="byteCat\render">
      <UniqueIdentifier>{808FBF7D-6C5D-B383-55F1-23AA415E8FE8}</UniqueIdentifier>
    </Filter>
    <Filter Include="byteCat\render\models">
      <UniqueIdentifier>{53C5F7BF-BF31-B3BA-8825-4B18F450D522}</UniqueIdentifier>
    </Filter>
    <Filter Include="byteCat\render\shaders">
      <UniqueIdentifier>{79CC427C-65C6-6BCE-4E33-02DF3ACCD13A}</UniqueIdentifier>
    </Filter>
  </ItemGroup>
  <ItemGroup>
    <ClInclude Include="src\ByteCat.h" />
    <ClInclude Include="src\bcpch.h" />
    <ClInclude Include="src\byteCat\Core.h">
      <Filter>byteCat</Filter>
    </ClInclude>
    <ClInclude Include="src\byteCat\EntryPoint.h">
      <Filter>byteCat</Filter>
    </ClInclude>
    <ClInclude Include="src\byteCat\Log.h">
      <Filter>byteCat</Filter>
    </ClInclude>
    <ClInclude Include="src\byteCat\app\Application.h">
      <Filter>byteCat\app</Filter>
    </ClInclude>
    <ClInclude Include="src\byteCat\app\Window.h">
      <Filter>byteCat\app</Filter>
    </ClInclude>
    <ClInclude Include="src\byteCat\input\Input.h">
      <Filter>byteCat\input</Filter>
    </ClInclude>
    <ClInclude Include="src\byteCat\input\KeyCodes.h">
      <Filter>byteCat\input</Filter>
    </ClInclude>
    <ClInclude Include="src\byteCat\input\MouseCodes.h">
      <Filter>byteCat\input</Filter>
    </ClInclude>
    <ClInclude Include="src\byteCat\input\events\ApplicationEvent.h">
      <Filter>byteCat\input\events</Filter>
    </ClInclude>
    <ClInclude Include="src\byteCat\input\events\Event.h">
      <Filter>byteCat\input\events</Filter>
    </ClInclude>
    <ClInclude Include="src\byteCat\input\events\KeyEvent.h">
      <Filter>byteCat\input\events</Filter>
    </ClInclude>
    <ClInclude Include="src\byteCat\input\events\MouseEvent.h">
      <Filter>byteCat\input\events</Filter>
    </ClInclude>
    <ClInclude Include="src\byteCat\render\Loader.h">
      <Filter>byteCat\render</Filter>
    </ClInclude>
    <ClInclude Include="src\byteCat\render\models\Model.h">
      <Filter>byteCat\render\models</Filter>
    </ClInclude>
    <ClInclude Include="src\byteCat\render\shaders\CustomShader.h">
      <Filter>byteCat\render\shaders</Filter>
    </ClInclude>
    <ClInclude Include="src\byteCat\render\shaders\ShaderProgram.h">
      <Filter>byteCat\render\shaders</Filter>
    </ClInclude>
    <ClInclude Include="src\byteCat\stb_image.h">
      <Filter>byteCat</Filter>
    </ClInclude>
    <ClInclude Include="src\byteCat\render\shaders\StandardShader.h">
      <Filter>byteCat\render\shaders</Filter>
    </ClInclude>
    <ClInclude Include="src\byteCat\render\renderers\MeshRenderer.h">
      <Filter>byteCat\render</Filter>
    </ClInclude>
    <ClInclude Include="src\byteCat\render\renderers\Renderer.h" />
  </ItemGroup>
  <ItemGroup>
    <ClCompile Include="src\bcpch.cpp" />
    <ClCompile Include="src\byteCat\Log.cpp">
      <Filter>byteCat</Filter>
    </ClCompile>
    <ClCompile Include="src\byteCat\app\Application.cpp">
      <Filter>byteCat\app</Filter>
    </ClCompile>
    <ClCompile Include="src\byteCat\app\Window.cpp">
      <Filter>byteCat\app</Filter>
    </ClCompile>
    <ClCompile Include="src\byteCat\input\Input.cpp">
      <Filter>byteCat\input</Filter>
    </ClCompile>
    <ClCompile Include="src\byteCat\render\Loader.cpp">
      <Filter>byteCat\render</Filter>
    </ClCompile>
    <ClCompile Include="src\byteCat\render\shaders\CustomShader.cpp">
      <Filter>byteCat\render\shaders</Filter>
    </ClCompile>
    <ClCompile Include="src\byteCat\render\shaders\ShaderProgram.cpp">
      <Filter>byteCat\render\shaders</Filter>
    </ClCompile>
    <ClCompile Include="src\byteCat\stb_image.cpp">
      <Filter>byteCat</Filter>
    </ClCompile>
    <ClCompile Include="src\byteCat\render\shaders\StandardShader.cpp">
      <Filter>byteCat\render\shaders</Filter>
    </ClCompile>
    <ClCompile Include="src\byteCat\render\renderers\MeshRenderer.cpp">
      <Filter>byteCat\render</Filter>
    </ClCompile>
    <ClCompile Include="src\byteCat\render\renderers\Renderer.cpp" />
  </ItemGroup>
</Project>