<?xml version="1.0" encoding="utf-8"?>
<Project ToolsVersion="4.0" xmlns="http://schemas.microsoft.com/developer/msbuild/2003">
  <ItemGroup>
    <Filter Include="byteCat">
      <UniqueIdentifier>{11BA369E-7D99-B539-86B1-4010F20F1C9B}</UniqueIdentifier>
    </Filter>
    <Filter Include="byteCat\events">
      <UniqueIdentifier>{F55C9B60-E12A-8F66-CABE-FF8CB62B6BCB}</UniqueIdentifier>
    </Filter>
    <Filter Include="byteCat\input">
      <UniqueIdentifier>{F002C550-5CC3-4087-25FE-8904917D8563}</UniqueIdentifier>
    </Filter>
    <Filter Include="byteCat\platform">
      <UniqueIdentifier>{A5750411-916E-2363-BAA0-08E8A6F8026F}</UniqueIdentifier>
    </Filter>
    <Filter Include="byteCat\platform\windows">
      <UniqueIdentifier>{FF8C33EE-EBB1-826E-14FD-67FE0081818C}</UniqueIdentifier>
    </Filter>
  </ItemGroup>
  <ItemGroup>
    <ClInclude Include="src\ByteCat.h" />
    <ClInclude Include="src\bcpch.h" />
    <ClInclude Include="src\byteCat\Application.h">
      <Filter>byteCat</Filter>
    </ClInclude>
    <ClInclude Include="src\byteCat\Core.h">
      <Filter>byteCat</Filter>
    </ClInclude>
    <ClInclude Include="src\byteCat\EntryPoint.h">
      <Filter>byteCat</Filter>
    </ClInclude>
    <ClInclude Include="src\byteCat\Log.h">
      <Filter>byteCat</Filter>
    </ClInclude>
    <ClInclude Include="src\byteCat\events\ApplicationEvent.h">
      <Filter>byteCat\events</Filter>
    </ClInclude>
    <ClInclude Include="src\byteCat\events\Event.h">
      <Filter>byteCat\events</Filter>
    </ClInclude>
    <ClInclude Include="src\byteCat\events\KeyEvent.h">
      <Filter>byteCat\events</Filter>
    </ClInclude>
    <ClInclude Include="src\byteCat\events\MouseEvent.h">
      <Filter>byteCat\events</Filter>
    </ClInclude>
    <ClInclude Include="src\byteCat\input\Input.h">
      <Filter>byteCat\input</Filter>
    </ClInclude>
    <ClInclude Include="src\byteCat\input\KeyCodes.h">
      <Filter>byteCat\input</Filter>
    </ClInclude>
    <ClInclude Include="src\byteCat\input\MouseCodes.h">
      <Filter>byteCat\input</Filter>
    </ClInclude>
    <ClInclude Include="src\byteCat\platform\windows\WindowsWindow.h">
      <Filter>byteCat\platform\windows</Filter>
    </ClInclude>
    <ClInclude Include="src\byteCat\platform\Window.h">
      <Filter>byteCat\platform</Filter>
    </ClInclude>
  </ItemGroup>
  <ItemGroup>
    <ClCompile Include="src\bcpch.cpp" />
    <ClCompile Include="src\byteCat\Application.cpp">
      <Filter>byteCat</Filter>
    </ClCompile>
    <ClCompile Include="src\byteCat\Log.cpp">
      <Filter>byteCat</Filter>
    </ClCompile>
    <ClCompile Include="src\byteCat\platform\windows\WindowsInput.cpp">
      <Filter>byteCat\platform\windows</Filter>
    </ClCompile>
    <ClCompile Include="src\byteCat\platform\windows\WindowsWindow.cpp">
      <Filter>byteCat\platform\windows</Filter>
    </ClCompile>
    <ClCompile Include="src\byteCat\platform\Window.cpp">
      <Filter>byteCat\platform</Filter>
    </ClCompile>
  </ItemGroup>
</Project>